# THIS IS AN AUTOGENERATED FILE. DO NOT EDIT THIS FILE DIRECTLY.
# yarn lockfile v1


"@rsmdc/animation@^1.0.0":
  version "1.0.1"
  resolved "https://registry.yarnpkg.com/@rsmdc/animation/-/animation-1.0.1.tgz#1ad264970d6043a6f759760f349ca744a61e6901"
  integrity sha512-r8497owEmwLofvCrxycX1wpXqdcNEYSKdNmk7MiFK4MYIILfwJWTaU0f0UASLQ5RudWgDhG329nFXnpJe8Yo/Q==
  dependencies:
    tslib "^1.9.3"

"@rsmdc/base@^1.0.0":
  version "1.0.1"
  resolved "https://registry.yarnpkg.com/@rsmdc/base/-/base-1.0.1.tgz#720ac2b2918896571b64534101cd6b3784d2554e"
  integrity sha512-4PC6uKweli4JADf5amRdHCOhBkzxR6NuDT5y4ngfHY9UqzuR3EX+MBMVr4YCnQX+HqW6R1cfQL76R8QGZAHIyw==
  dependencies:
    tslib "^1.9.3"

"@rsmdc/dom@^1.0.2":
  version "1.0.2"
  resolved "https://registry.yarnpkg.com/@rsmdc/dom/-/dom-1.0.2.tgz#dc62f3344fc6ee4371e4ce27a5fec0a90ae74d5c"
  integrity sha512-+IxPddiXn4xn779w1yBbxEHyRNb7CQjrClXcUEK8idSLu90UsqroRzU3vAoHOzBeKWQ36HEE6tjdSuVNjD0sAQ==
  dependencies:
    tslib "^1.9.3"

"@rsmdc/ripple@^1.0.2":
  version "1.0.2"
  resolved "https://registry.yarnpkg.com/@rsmdc/ripple/-/ripple-1.0.2.tgz#465c684f41a5b477a983490a895d30bc029338ff"
  integrity sha512-JNIpOYpqlAzBIHyAprEdUIAFTwtfM0w1zQQJ8edtrixTogNpWCzg61lcQS8t9gs2aXHldLy9jxxPGAWXZ5qHuA==
  dependencies:
    "@rsmdc/animation" "^1.0.0"
    "@rsmdc/base" "^1.0.0"
    "@rsmdc/dom" "^1.0.2"
    "@rsmdc/theme" "^1.0.2"
    tslib "^1.9.3"

"@rsmdc/rtl@^1.0.2":
  version "1.0.2"
  resolved "https://registry.yarnpkg.com/@rsmdc/rtl/-/rtl-1.0.2.tgz#080798b053ff16bdf3ba0c9de02c3d8e849a2769"
  integrity sha512-NnYwsOR5qaphlbLUV/dZUAChNlhn7hsNWTczTlgLHY4ps0XYXnjEKy7vGohuMc/TsjgidgM1b+/MIIJaSa2ztg==

"@rsmdc/theme@^1.0.2":
  version "1.0.2"
  resolved "https://registry.yarnpkg.com/@rsmdc/theme/-/theme-1.0.2.tgz#41b51900bc6da64f8cbc0f00acc7a0adcc03d654"
  integrity sha512-mqN0Owta99HQHRo3PS3/elKVXGxidqhbd73jrl3MnJh08MdFsggqZTYZPf/t87WAYjSrB24DXltevQsysIKhhA==

tslib@^1.9.3:
  version "1.9.3"
  resolved "https://registry.yarnpkg.com/tslib/-/tslib-1.9.3.tgz#d7e4dd79245d85428c4d7e4822a79917954ca286"
  integrity sha512-4krF8scpejhaOgqzBEcGM7yDIEfi0/8+8zDRZhNZZ2kjmHJ4hv3zCbQWxoJGz1iw5U0Jl0nma13xzHXcncMavQ==
